// !$*UTF8*$!
{
	archiveVersion = 1;
	classes = {
	};
	objectVersion = 56;
	objects = {

/* Begin PBXBuildFile section */
		667237E629A46F0600531CF5 /* Main.storyboard in Resources */ = {isa = PBXBuildFile; fileRef = 667237E429A46F0600531CF5 /* Main.storyboard */; };
		667237E929A46FA300531CF5 /* WeatherViewDatas.swift in Sources */ = {isa = PBXBuildFile; fileRef = 667237E829A46FA300531CF5 /* WeatherViewDatas.swift */; };
		667237EB29A4737B00531CF5 /* WeatherInfoType.swift in Sources */ = {isa = PBXBuildFile; fileRef = 667237EA29A4737B00531CF5 /* WeatherInfoType.swift */; };
		667237ED29A4807900531CF5 /* HourTableViewCell.swift in Sources */ = {isa = PBXBuildFile; fileRef = 667237EC29A4807900531CF5 /* HourTableViewCell.swift */; };
		6672380629A4A07F00531CF5 /* HourlyCollectionViewCell.swift in Sources */ = {isa = PBXBuildFile; fileRef = 6672380529A4A07F00531CF5 /* HourlyCollectionViewCell.swift */; };
		6672380929A4B53400531CF5 /* WeekEndTableViewCell.swift in Sources */ = {isa = PBXBuildFile; fileRef = 6672380829A4B53400531CF5 /* WeekEndTableViewCell.swift */; };
		6672380B29A4BE8A00531CF5 /* CurrentMapView.swift in Sources */ = {isa = PBXBuildFile; fileRef = 6672380A29A4BE8A00531CF5 /* CurrentMapView.swift */; };
		6672380D29A4BF0C00531CF5 /* BaseView.swift in Sources */ = {isa = PBXBuildFile; fileRef = 6672380C29A4BF0C00531CF5 /* BaseView.swift */; };
		6672380F29A4C55900531CF5 /* DetailInfoTableViewCell.swift in Sources */ = {isa = PBXBuildFile; fileRef = 6672380E29A4C55900531CF5 /* DetailInfoTableViewCell.swift */; };
		6672381129A4C56B00531CF5 /* DetailInfoCollectionViewCell.swift in Sources */ = {isa = PBXBuildFile; fileRef = 6672381029A4C56B00531CF5 /* DetailInfoCollectionViewCell.swift */; };
		6672381929A4FD9A00531CF5 /* TimeExtension.swift in Sources */ = {isa = PBXBuildFile; fileRef = 6672381829A4FD9A00531CF5 /* TimeExtension.swift */; };
		6672381C29A50FC600531CF5 /* LocationManager.swift in Sources */ = {isa = PBXBuildFile; fileRef = 6672381B29A50FC600531CF5 /* LocationManager.swift */; };
		6672382129A5ED5F00531CF5 /* CityListResponse.swift in Sources */ = {isa = PBXBuildFile; fileRef = 6672382029A5ED5F00531CF5 /* CityListResponse.swift */; };
		6672382329A5F21400531CF5 /* citylist.json in Resources */ = {isa = PBXBuildFile; fileRef = 6672382229A5F21400531CF5 /* citylist.json */; };
		6672382729A5F32A00531CF5 /* SearchViewController.swift in Sources */ = {isa = PBXBuildFile; fileRef = 6672382629A5F32A00531CF5 /* SearchViewController.swift */; };
		6672382929A5F35200531CF5 /* WeatherAPIInfo.plist in Resources */ = {isa = PBXBuildFile; fileRef = 6672382829A5F35200531CF5 /* WeatherAPIInfo.plist */; };
		6672382B29A5F44400531CF5 /* BaseViewController.swift in Sources */ = {isa = PBXBuildFile; fileRef = 6672382A29A5F44400531CF5 /* BaseViewController.swift */; };
		6672382E29A5F97500531CF5 /* SearchListTableViewCell.swift in Sources */ = {isa = PBXBuildFile; fileRef = 6672382D29A5F97500531CF5 /* SearchListTableViewCell.swift */; };
		6672383229A5FB3E00531CF5 /* SearchViewModel.swift in Sources */ = {isa = PBXBuildFile; fileRef = 6672383129A5FB3E00531CF5 /* SearchViewModel.swift */; };
		668957DD29A4418C000ADA91 /* AppDelegate.swift in Sources */ = {isa = PBXBuildFile; fileRef = 668957DC29A4418C000ADA91 /* AppDelegate.swift */; };
		668957DF29A4418C000ADA91 /* SceneDelegate.swift in Sources */ = {isa = PBXBuildFile; fileRef = 668957DE29A4418C000ADA91 /* SceneDelegate.swift */; };
		668957E129A4418C000ADA91 /* MainViewController.swift in Sources */ = {isa = PBXBuildFile; fileRef = 668957E029A4418C000ADA91 /* MainViewController.swift */; };
		668957E629A4418D000ADA91 /* Assets.xcassets in Resources */ = {isa = PBXBuildFile; fileRef = 668957E529A4418D000ADA91 /* Assets.xcassets */; };
		668957E929A4418D000ADA91 /* LaunchScreen.storyboard in Resources */ = {isa = PBXBuildFile; fileRef = 668957E729A4418D000ADA91 /* LaunchScreen.storyboard */; };
		668957F429A4418D000ADA91 /* WeatherCloneAppTests.swift in Sources */ = {isa = PBXBuildFile; fileRef = 668957F329A4418D000ADA91 /* WeatherCloneAppTests.swift */; };
		668957FE29A4418E000ADA91 /* WeatherCloneAppUITests.swift in Sources */ = {isa = PBXBuildFile; fileRef = 668957FD29A4418E000ADA91 /* WeatherCloneAppUITests.swift */; };
		6689580029A4418E000ADA91 /* WeatherCloneAppUITestsLaunchTests.swift in Sources */ = {isa = PBXBuildFile; fileRef = 668957FF29A4418E000ADA91 /* WeatherCloneAppUITestsLaunchTests.swift */; };
		66C7657129A442A700EED540 /* SnapKit in Frameworks */ = {isa = PBXBuildFile; productRef = 66C7657029A442A700EED540 /* SnapKit */; };
		66C7657429A442C100EED540 /* RxCocoa in Frameworks */ = {isa = PBXBuildFile; productRef = 66C7657329A442C100EED540 /* RxCocoa */; };
		66C7657629A442C100EED540 /* RxRelay in Frameworks */ = {isa = PBXBuildFile; productRef = 66C7657529A442C100EED540 /* RxRelay */; };
		66C7657829A442C100EED540 /* RxSwift in Frameworks */ = {isa = PBXBuildFile; productRef = 66C7657729A442C100EED540 /* RxSwift */; };
		66C7657B29A4430000EED540 /* Alamofire in Frameworks */ = {isa = PBXBuildFile; productRef = 66C7657A29A4430000EED540 /* Alamofire */; };
		66E6AE9729A44E3D00B094C0 /* APIType.swift in Sources */ = {isa = PBXBuildFile; fileRef = 66E6AE9629A44E3D00B094C0 /* APIType.swift */; };
		66E6AE9929A44E9C00B094C0 /* SessionManager.swift in Sources */ = {isa = PBXBuildFile; fileRef = 66E6AE9829A44E9C00B094C0 /* SessionManager.swift */; };
		66E6AE9C29A44FD800B094C0 /* WeatherAPI.swift in Sources */ = {isa = PBXBuildFile; fileRef = 66E6AE9B29A44FD800B094C0 /* WeatherAPI.swift */; };
		66E6AE9F29A450D100B094C0 /* BundelExtension.swift in Sources */ = {isa = PBXBuildFile; fileRef = 66E6AE9E29A450D100B094C0 /* BundelExtension.swift */; };
		66E6AEA229A4570B00B094C0 /* WeatherService.swift in Sources */ = {isa = PBXBuildFile; fileRef = 66E6AEA129A4570B00B094C0 /* WeatherService.swift */; };
		66E6AEA529A4575A00B094C0 /* WeatherResponse.swift in Sources */ = {isa = PBXBuildFile; fileRef = 66E6AEA429A4575A00B094C0 /* WeatherResponse.swift */; };
		66E6AEA929A4670600B094C0 /* HeaderView.swift in Sources */ = {isa = PBXBuildFile; fileRef = 66E6AEA829A4670600B094C0 /* HeaderView.swift */; };
		66E6AEAC29A4692C00B094C0 /* BaseCollectionViewCell.swift in Sources */ = {isa = PBXBuildFile; fileRef = 66E6AEAB29A4692C00B094C0 /* BaseCollectionViewCell.swift */; };
		66E6AEAE29A469C000B094C0 /* ViewExtension.swift in Sources */ = {isa = PBXBuildFile; fileRef = 66E6AEAD29A469C000B094C0 /* ViewExtension.swift */; };
		66E6AEB129A46D2000B094C0 /* MainViewModel.swift in Sources */ = {isa = PBXBuildFile; fileRef = 66E6AEB029A46D2000B094C0 /* MainViewModel.swift */; };
/* End PBXBuildFile section */

/* Begin PBXContainerItemProxy section */
		668957F029A4418D000ADA91 /* PBXContainerItemProxy */ = {
			isa = PBXContainerItemProxy;
			containerPortal = 668957D129A4418B000ADA91 /* Project object */;
			proxyType = 1;
			remoteGlobalIDString = 668957D829A4418B000ADA91;
			remoteInfo = WeatherCloneApp;
		};
		668957FA29A4418E000ADA91 /* PBXContainerItemProxy */ = {
			isa = PBXContainerItemProxy;
			containerPortal = 668957D129A4418B000ADA91 /* Project object */;
			proxyType = 1;
			remoteGlobalIDString = 668957D829A4418B000ADA91;
			remoteInfo = WeatherCloneApp;
		};
/* End PBXContainerItemProxy section */

/* Begin PBXFileReference section */
		667237E529A46F0600531CF5 /* Base */ = {isa = PBXFileReference; lastKnownFileType = file.storyboard; name = Base; path = Base.lproj/Main.storyboard; sourceTree = "<group>"; };
		667237E829A46FA300531CF5 /* WeatherViewDatas.swift */ = {isa = PBXFileReference; lastKnownFileType = sourcecode.swift; path = WeatherViewDatas.swift; sourceTree = "<group>"; };
		667237EA29A4737B00531CF5 /* WeatherInfoType.swift */ = {isa = PBXFileReference; lastKnownFileType = sourcecode.swift; path = WeatherInfoType.swift; sourceTree = "<group>"; };
		667237EC29A4807900531CF5 /* HourTableViewCell.swift */ = {isa = PBXFileReference; lastKnownFileType = sourcecode.swift; path = HourTableViewCell.swift; sourceTree = "<group>"; };
		6672380529A4A07F00531CF5 /* HourlyCollectionViewCell.swift */ = {isa = PBXFileReference; lastKnownFileType = sourcecode.swift; path = HourlyCollectionViewCell.swift; sourceTree = "<group>"; };
		6672380829A4B53400531CF5 /* WeekEndTableViewCell.swift */ = {isa = PBXFileReference; lastKnownFileType = sourcecode.swift; path = WeekEndTableViewCell.swift; sourceTree = "<group>"; };
		6672380A29A4BE8A00531CF5 /* CurrentMapView.swift */ = {isa = PBXFileReference; lastKnownFileType = sourcecode.swift; path = CurrentMapView.swift; sourceTree = "<group>"; };
		6672380C29A4BF0C00531CF5 /* BaseView.swift */ = {isa = PBXFileReference; lastKnownFileType = sourcecode.swift; path = BaseView.swift; sourceTree = "<group>"; };
		6672380E29A4C55900531CF5 /* DetailInfoTableViewCell.swift */ = {isa = PBXFileReference; lastKnownFileType = sourcecode.swift; path = DetailInfoTableViewCell.swift; sourceTree = "<group>"; };
		6672381029A4C56B00531CF5 /* DetailInfoCollectionViewCell.swift */ = {isa = PBXFileReference; lastKnownFileType = sourcecode.swift; path = DetailInfoCollectionViewCell.swift; sourceTree = "<group>"; };
		6672381829A4FD9A00531CF5 /* TimeExtension.swift */ = {isa = PBXFileReference; lastKnownFileType = sourcecode.swift; path = TimeExtension.swift; sourceTree = "<group>"; };
		6672381B29A50FC600531CF5 /* LocationManager.swift */ = {isa = PBXFileReference; lastKnownFileType = sourcecode.swift; path = LocationManager.swift; sourceTree = "<group>"; };
		6672382029A5ED5F00531CF5 /* CityListResponse.swift */ = {isa = PBXFileReference; lastKnownFileType = sourcecode.swift; path = CityListResponse.swift; sourceTree = "<group>"; };
		6672382229A5F21400531CF5 /* citylist.json */ = {isa = PBXFileReference; fileEncoding = 4; lastKnownFileType = text.json; path = citylist.json; sourceTree = "<group>"; };
		6672382629A5F32A00531CF5 /* SearchViewController.swift */ = {isa = PBXFileReference; lastKnownFileType = sourcecode.swift; path = SearchViewController.swift; sourceTree = "<group>"; };
		6672382829A5F35200531CF5 /* WeatherAPIInfo.plist */ = {isa = PBXFileReference; fileEncoding = 4; lastKnownFileType = text.plist.xml; path = WeatherAPIInfo.plist; sourceTree = "<group>"; };
		6672382A29A5F44400531CF5 /* BaseViewController.swift */ = {isa = PBXFileReference; lastKnownFileType = sourcecode.swift; path = BaseViewController.swift; sourceTree = "<group>"; };
		6672382D29A5F97500531CF5 /* SearchListTableViewCell.swift */ = {isa = PBXFileReference; lastKnownFileType = sourcecode.swift; path = SearchListTableViewCell.swift; sourceTree = "<group>"; };
		6672383129A5FB3E00531CF5 /* SearchViewModel.swift */ = {isa = PBXFileReference; lastKnownFileType = sourcecode.swift; path = SearchViewModel.swift; sourceTree = "<group>"; };
		668957D929A4418C000ADA91 /* WeatherCloneApp.app */ = {isa = PBXFileReference; explicitFileType = wrapper.application; includeInIndex = 0; path = WeatherCloneApp.app; sourceTree = BUILT_PRODUCTS_DIR; };
		668957DC29A4418C000ADA91 /* AppDelegate.swift */ = {isa = PBXFileReference; lastKnownFileType = sourcecode.swift; path = AppDelegate.swift; sourceTree = "<group>"; };
		668957DE29A4418C000ADA91 /* SceneDelegate.swift */ = {isa = PBXFileReference; lastKnownFileType = sourcecode.swift; path = SceneDelegate.swift; sourceTree = "<group>"; };
		668957E029A4418C000ADA91 /* MainViewController.swift */ = {isa = PBXFileReference; lastKnownFileType = sourcecode.swift; path = MainViewController.swift; sourceTree = "<group>"; };
		668957E529A4418D000ADA91 /* Assets.xcassets */ = {isa = PBXFileReference; lastKnownFileType = folder.assetcatalog; path = Assets.xcassets; sourceTree = "<group>"; };
		668957E829A4418D000ADA91 /* Base */ = {isa = PBXFileReference; lastKnownFileType = file.storyboard; name = Base; path = Base.lproj/LaunchScreen.storyboard; sourceTree = "<group>"; };
		668957EA29A4418D000ADA91 /* Info.plist */ = {isa = PBXFileReference; lastKnownFileType = text.plist.xml; path = Info.plist; sourceTree = "<group>"; };
		668957EF29A4418D000ADA91 /* WeatherCloneAppTests.xctest */ = {isa = PBXFileReference; explicitFileType = wrapper.cfbundle; includeInIndex = 0; path = WeatherCloneAppTests.xctest; sourceTree = BUILT_PRODUCTS_DIR; };
		668957F329A4418D000ADA91 /* WeatherCloneAppTests.swift */ = {isa = PBXFileReference; lastKnownFileType = sourcecode.swift; path = WeatherCloneAppTests.swift; sourceTree = "<group>"; };
		668957F929A4418E000ADA91 /* WeatherCloneAppUITests.xctest */ = {isa = PBXFileReference; explicitFileType = wrapper.cfbundle; includeInIndex = 0; path = WeatherCloneAppUITests.xctest; sourceTree = BUILT_PRODUCTS_DIR; };
		668957FD29A4418E000ADA91 /* WeatherCloneAppUITests.swift */ = {isa = PBXFileReference; lastKnownFileType = sourcecode.swift; path = WeatherCloneAppUITests.swift; sourceTree = "<group>"; };
		668957FF29A4418E000ADA91 /* WeatherCloneAppUITestsLaunchTests.swift */ = {isa = PBXFileReference; lastKnownFileType = sourcecode.swift; path = WeatherCloneAppUITestsLaunchTests.swift; sourceTree = "<group>"; };
		66E6AE9629A44E3D00B094C0 /* APIType.swift */ = {isa = PBXFileReference; lastKnownFileType = sourcecode.swift; path = APIType.swift; sourceTree = "<group>"; };
		66E6AE9829A44E9C00B094C0 /* SessionManager.swift */ = {isa = PBXFileReference; lastKnownFileType = sourcecode.swift; path = SessionManager.swift; sourceTree = "<group>"; };
		66E6AE9B29A44FD800B094C0 /* WeatherAPI.swift */ = {isa = PBXFileReference; lastKnownFileType = sourcecode.swift; path = WeatherAPI.swift; sourceTree = "<group>"; };
		66E6AE9E29A450D100B094C0 /* BundelExtension.swift */ = {isa = PBXFileReference; lastKnownFileType = sourcecode.swift; path = BundelExtension.swift; sourceTree = "<group>"; };
		66E6AEA129A4570B00B094C0 /* WeatherService.swift */ = {isa = PBXFileReference; lastKnownFileType = sourcecode.swift; path = WeatherService.swift; sourceTree = "<group>"; };
		66E6AEA429A4575A00B094C0 /* WeatherResponse.swift */ = {isa = PBXFileReference; lastKnownFileType = sourcecode.swift; path = WeatherResponse.swift; sourceTree = "<group>"; };
		66E6AEA829A4670600B094C0 /* HeaderView.swift */ = {isa = PBXFileReference; lastKnownFileType = sourcecode.swift; path = HeaderView.swift; sourceTree = "<group>"; };
		66E6AEAB29A4692C00B094C0 /* BaseCollectionViewCell.swift */ = {isa = PBXFileReference; lastKnownFileType = sourcecode.swift; path = BaseCollectionViewCell.swift; sourceTree = "<group>"; };
		66E6AEAD29A469C000B094C0 /* ViewExtension.swift */ = {isa = PBXFileReference; lastKnownFileType = sourcecode.swift; path = ViewExtension.swift; sourceTree = "<group>"; };
		66E6AEB029A46D2000B094C0 /* MainViewModel.swift */ = {isa = PBXFileReference; lastKnownFileType = sourcecode.swift; path = MainViewModel.swift; sourceTree = "<group>"; };
/* End PBXFileReference section */

/* Begin PBXFrameworksBuildPhase section */
		668957D629A4418B000ADA91 /* Frameworks */ = {
			isa = PBXFrameworksBuildPhase;
			buildActionMask = 2147483647;
			files = (
				66C7657B29A4430000EED540 /* Alamofire in Frameworks */,
				66C7657629A442C100EED540 /* RxRelay in Frameworks */,
				66C7657429A442C100EED540 /* RxCocoa in Frameworks */,
				6672383529A657B400531CF5 /* RxDataSources in Frameworks */,
				66C7657829A442C100EED540 /* RxSwift in Frameworks */,
				66C7657129A442A700EED540 /* SnapKit in Frameworks */,
			);
			runOnlyForDeploymentPostprocessing = 0;
		};
		668957EC29A4418D000ADA91 /* Frameworks */ = {
			isa = PBXFrameworksBuildPhase;
			buildActionMask = 2147483647;
			files = (
			);
			runOnlyForDeploymentPostprocessing = 0;
		};
		668957F629A4418E000ADA91 /* Frameworks */ = {
			isa = PBXFrameworksBuildPhase;
			buildActionMask = 2147483647;
			files = (
			);
			runOnlyForDeploymentPostprocessing = 0;
		};
/* End PBXFrameworksBuildPhase section */

/* Begin PBXGroup section */
		667237E729A46F9200531CF5 /* ViewData */ = {
			isa = PBXGroup;
			children = (
				667237E829A46FA300531CF5 /* WeatherViewDatas.swift */,
				667237EA29A4737B00531CF5 /* WeatherInfoType.swift */,
			);
			path = ViewData;
			sourceTree = "<group>";
		};
		6672380729A4B51400531CF5 /* CustomView */ = {
			isa = PBXGroup;
			children = (
				66E6AEA829A4670600B094C0 /* HeaderView.swift */,
				6672380A29A4BE8A00531CF5 /* CurrentMapView.swift */,
			);
			path = CustomView;
			sourceTree = "<group>";
		};
		6672381A29A50FBE00531CF5 /* Manager */ = {
			isa = PBXGroup;
			children = (
				6672381B29A50FC600531CF5 /* LocationManager.swift */,
			);
			path = Manager;
			sourceTree = "<group>";
		};
		6672381D29A5EB8F00531CF5 /* Resource */ = {
			isa = PBXGroup;
			children = (
				6672382229A5F21400531CF5 /* citylist.json */,
			);
			path = Resource;
			sourceTree = "<group>";
		};
		6672382429A5F2F100531CF5 /* MainViewController */ = {
			isa = PBXGroup;
			children = (
				6672380729A4B51400531CF5 /* CustomView */,
				66E6AEA729A466D800B094C0 /* Cells */,
				668957E029A4418C000ADA91 /* MainViewController.swift */,
			);
			path = MainViewController;
			sourceTree = "<group>";
		};
		6672382529A5F2FE00531CF5 /* SearchViewController */ = {
			isa = PBXGroup;
			children = (
				6672382C29A5F96000531CF5 /* Cell */,
				6672382629A5F32A00531CF5 /* SearchViewController.swift */,
			);
			path = SearchViewController;
			sourceTree = "<group>";
		};
		6672382C29A5F96000531CF5 /* Cell */ = {
			isa = PBXGroup;
			children = (
				6672382D29A5F97500531CF5 /* SearchListTableViewCell.swift */,
			);
			path = Cell;
			sourceTree = "<group>";
		};
		668957D029A4418B000ADA91 = {
			isa = PBXGroup;
			children = (
				668957DB29A4418C000ADA91 /* WeatherCloneApp */,
				668957F229A4418D000ADA91 /* WeatherCloneAppTests */,
				668957FC29A4418E000ADA91 /* WeatherCloneAppUITests */,
				668957DA29A4418C000ADA91 /* Products */,
			);
			sourceTree = "<group>";
		};
		668957DA29A4418C000ADA91 /* Products */ = {
			isa = PBXGroup;
			children = (
				668957D929A4418C000ADA91 /* WeatherCloneApp.app */,
				668957EF29A4418D000ADA91 /* WeatherCloneAppTests.xctest */,
				668957F929A4418E000ADA91 /* WeatherCloneAppUITests.xctest */,
			);
			name = Products;
			sourceTree = "<group>";
		};
		668957DB29A4418C000ADA91 /* WeatherCloneApp */ = {
			isa = PBXGroup;
			children = (
				66E6AE9329A44B9A00B094C0 /* AppSetting */,
				66E6AE9429A44BA600B094C0 /* Network */,
				66E6AEA329A4574B00B094C0 /* Model */,
				667237E729A46F9200531CF5 /* ViewData */,
				66E6AEA629A4665500B094C0 /* VC */,
				66E6AEAF29A46D1400B094C0 /* ViewModel */,
				6672381A29A50FBE00531CF5 /* Manager */,
				66E6AE9D29A450B400B094C0 /* Extensions */,
				6672381D29A5EB8F00531CF5 /* Resource */,
				668957E529A4418D000ADA91 /* Assets.xcassets */,
				6672382829A5F35200531CF5 /* WeatherAPIInfo.plist */,
				668957E729A4418D000ADA91 /* LaunchScreen.storyboard */,
				667237E429A46F0600531CF5 /* Main.storyboard */,
				668957EA29A4418D000ADA91 /* Info.plist */,
			);
			path = WeatherCloneApp;
			sourceTree = "<group>";
		};
		668957F229A4418D000ADA91 /* WeatherCloneAppTests */ = {
			isa = PBXGroup;
			children = (
				668957F329A4418D000ADA91 /* WeatherCloneAppTests.swift */,
			);
			path = WeatherCloneAppTests;
			sourceTree = "<group>";
		};
		668957FC29A4418E000ADA91 /* WeatherCloneAppUITests */ = {
			isa = PBXGroup;
			children = (
				668957FD29A4418E000ADA91 /* WeatherCloneAppUITests.swift */,
				668957FF29A4418E000ADA91 /* WeatherCloneAppUITestsLaunchTests.swift */,
			);
			path = WeatherCloneAppUITests;
			sourceTree = "<group>";
		};
		66E6AE9329A44B9A00B094C0 /* AppSetting */ = {
			isa = PBXGroup;
			children = (
				668957DC29A4418C000ADA91 /* AppDelegate.swift */,
				668957DE29A4418C000ADA91 /* SceneDelegate.swift */,
			);
			path = AppSetting;
			sourceTree = "<group>";
		};
		66E6AE9429A44BA600B094C0 /* Network */ = {
			isa = PBXGroup;
			children = (
				66E6AE9629A44E3D00B094C0 /* APIType.swift */,
				66E6AEA029A456F900B094C0 /* Service */,
				66E6AE9A29A44FBE00B094C0 /* API */,
				66E6AE9529A44E3100B094C0 /* SessionManager */,
			);
			path = Network;
			sourceTree = "<group>";
		};
		66E6AE9529A44E3100B094C0 /* SessionManager */ = {
			isa = PBXGroup;
			children = (
				66E6AE9829A44E9C00B094C0 /* SessionManager.swift */,
			);
			path = SessionManager;
			sourceTree = "<group>";
		};
		66E6AE9A29A44FBE00B094C0 /* API */ = {
			isa = PBXGroup;
			children = (
				66E6AE9B29A44FD800B094C0 /* WeatherAPI.swift */,
			);
			path = API;
			sourceTree = "<group>";
		};
		66E6AE9D29A450B400B094C0 /* Extensions */ = {
			isa = PBXGroup;
			children = (
				66E6AE9E29A450D100B094C0 /* BundelExtension.swift */,
				66E6AEAD29A469C000B094C0 /* ViewExtension.swift */,
				6672381829A4FD9A00531CF5 /* TimeExtension.swift */,
			);
			path = Extensions;
			sourceTree = "<group>";
		};
		66E6AEA029A456F900B094C0 /* Service */ = {
			isa = PBXGroup;
			children = (
				66E6AEA129A4570B00B094C0 /* WeatherService.swift */,
			);
			path = Service;
			sourceTree = "<group>";
		};
		66E6AEA329A4574B00B094C0 /* Model */ = {
			isa = PBXGroup;
			children = (
				66E6AEA429A4575A00B094C0 /* WeatherResponse.swift */,
				6672382029A5ED5F00531CF5 /* CityListResponse.swift */,
			);
			path = Model;
			sourceTree = "<group>";
		};
		66E6AEA629A4665500B094C0 /* VC */ = {
			isa = PBXGroup;
			children = (
				66E6AEAA29A4692300B094C0 /* Base */,
				6672382529A5F2FE00531CF5 /* SearchViewController */,
				6672382429A5F2F100531CF5 /* MainViewController */,
			);
			path = VC;
			sourceTree = "<group>";
		};
		66E6AEA729A466D800B094C0 /* Cells */ = {
			isa = PBXGroup;
			children = (
				667237EC29A4807900531CF5 /* HourTableViewCell.swift */,
				6672380529A4A07F00531CF5 /* HourlyCollectionViewCell.swift */,
				6672380829A4B53400531CF5 /* WeekEndTableViewCell.swift */,
				6672380E29A4C55900531CF5 /* DetailInfoTableViewCell.swift */,
				6672381029A4C56B00531CF5 /* DetailInfoCollectionViewCell.swift */,
			);
			path = Cells;
			sourceTree = "<group>";
		};
		66E6AEAA29A4692300B094C0 /* Base */ = {
			isa = PBXGroup;
			children = (
				66E6AEAB29A4692C00B094C0 /* BaseCollectionViewCell.swift */,
				6672380C29A4BF0C00531CF5 /* BaseView.swift */,
				6672382A29A5F44400531CF5 /* BaseViewController.swift */,
			);
			path = Base;
			sourceTree = "<group>";
		};
		66E6AEAF29A46D1400B094C0 /* ViewModel */ = {
			isa = PBXGroup;
			children = (
				66E6AEB029A46D2000B094C0 /* MainViewModel.swift */,
				6672383129A5FB3E00531CF5 /* SearchViewModel.swift */,
			);
			path = ViewModel;
			sourceTree = "<group>";
		};
/* End PBXGroup section */

/* Begin PBXNativeTarget section */
		668957D829A4418B000ADA91 /* WeatherCloneApp */ = {
			isa = PBXNativeTarget;
			buildConfigurationList = 6689580329A4418E000ADA91 /* Build configuration list for PBXNativeTarget "WeatherCloneApp" */;
			buildPhases = (
				668957D529A4418B000ADA91 /* Sources */,
				668957D629A4418B000ADA91 /* Frameworks */,
				668957D729A4418B000ADA91 /* Resources */,
			);
			buildRules = (
			);
			dependencies = (
			);
			name = WeatherCloneApp;
			packageProductDependencies = (
				66C7657029A442A700EED540 /* SnapKit */,
				66C7657329A442C100EED540 /* RxCocoa */,
				66C7657529A442C100EED540 /* RxRelay */,
				66C7657729A442C100EED540 /* RxSwift */,
				66C7657A29A4430000EED540 /* Alamofire */,
				6672383429A657B400531CF5 /* RxDataSources */,
			);
			productName = WeatherCloneApp;
			productReference = 668957D929A4418C000ADA91 /* WeatherCloneApp.app */;
			productType = "com.apple.product-type.application";
		};
		668957EE29A4418D000ADA91 /* WeatherCloneAppTests */ = {
			isa = PBXNativeTarget;
			buildConfigurationList = 6689580629A4418E000ADA91 /* Build configuration list for PBXNativeTarget "WeatherCloneAppTests" */;
			buildPhases = (
				668957EB29A4418D000ADA91 /* Sources */,
				668957EC29A4418D000ADA91 /* Frameworks */,
				668957ED29A4418D000ADA91 /* Resources */,
			);
			buildRules = (
			);
			dependencies = (
				668957F129A4418D000ADA91 /* PBXTargetDependency */,
			);
			name = WeatherCloneAppTests;
			productName = WeatherCloneAppTests;
			productReference = 668957EF29A4418D000ADA91 /* WeatherCloneAppTests.xctest */;
			productType = "com.apple.product-type.bundle.unit-test";
		};
		668957F829A4418E000ADA91 /* WeatherCloneAppUITests */ = {
			isa = PBXNativeTarget;
			buildConfigurationList = 6689580929A4418E000ADA91 /* Build configuration list for PBXNativeTarget "WeatherCloneAppUITests" */;
			buildPhases = (
				668957F529A4418E000ADA91 /* Sources */,
				668957F629A4418E000ADA91 /* Frameworks */,
				668957F729A4418E000ADA91 /* Resources */,
			);
			buildRules = (
			);
			dependencies = (
				668957FB29A4418E000ADA91 /* PBXTargetDependency */,
			);
			name = WeatherCloneAppUITests;
			productName = WeatherCloneAppUITests;
			productReference = 668957F929A4418E000ADA91 /* WeatherCloneAppUITests.xctest */;
			productType = "com.apple.product-type.bundle.ui-testing";
		};
/* End PBXNativeTarget section */

/* Begin PBXProject section */
		668957D129A4418B000ADA91 /* Project object */ = {
			isa = PBXProject;
			attributes = {
				BuildIndependentTargetsInParallel = 1;
				LastSwiftUpdateCheck = 1420;
				LastUpgradeCheck = 1420;
				TargetAttributes = {
					668957D829A4418B000ADA91 = {
						CreatedOnToolsVersion = 14.2;
					};
					668957EE29A4418D000ADA91 = {
						CreatedOnToolsVersion = 14.2;
						TestTargetID = 668957D829A4418B000ADA91;
					};
					668957F829A4418E000ADA91 = {
						CreatedOnToolsVersion = 14.2;
						TestTargetID = 668957D829A4418B000ADA91;
					};
				};
			};
			buildConfigurationList = 668957D429A4418B000ADA91 /* Build configuration list for PBXProject "WeatherCloneApp" */;
			compatibilityVersion = "Xcode 14.0";
			developmentRegion = en;
			hasScannedForEncodings = 0;
			knownRegions = (
				en,
				Base,
			);
			mainGroup = 668957D029A4418B000ADA91;
			packageReferences = (
				66C7656F29A442A700EED540 /* XCRemoteSwiftPackageReference "SnapKit" */,
				66C7657229A442C100EED540 /* XCRemoteSwiftPackageReference "RxSwift" */,
				66C7657929A4430000EED540 /* XCRemoteSwiftPackageReference "Alamofire" */,
				6672383329A657B400531CF5 /* XCRemoteSwiftPackageReference "RxDataSources" */,
			);
			productRefGroup = 668957DA29A4418C000ADA91 /* Products */;
			projectDirPath = "";
			projectRoot = "";
			targets = (
				668957D829A4418B000ADA91 /* WeatherCloneApp */,
				668957EE29A4418D000ADA91 /* WeatherCloneAppTests */,
				668957F829A4418E000ADA91 /* WeatherCloneAppUITests */,
			);
		};
/* End PBXProject section */

/* Begin PBXResourcesBuildPhase section */
		668957D729A4418B000ADA91 /* Resources */ = {
			isa = PBXResourcesBuildPhase;
			buildActionMask = 2147483647;
			files = (
				6672382329A5F21400531CF5 /* citylist.json in Resources */,
				668957E929A4418D000ADA91 /* LaunchScreen.storyboard in Resources */,
				668957E629A4418D000ADA91 /* Assets.xcassets in Resources */,
				6672382929A5F35200531CF5 /* WeatherAPIInfo.plist in Resources */,
				667237E629A46F0600531CF5 /* Main.storyboard in Resources */,
			);
			runOnlyForDeploymentPostprocessing = 0;
		};
		668957ED29A4418D000ADA91 /* Resources */ = {
			isa = PBXResourcesBuildPhase;
			buildActionMask = 2147483647;
			files = (
			);
			runOnlyForDeploymentPostprocessing = 0;
		};
		668957F729A4418E000ADA91 /* Resources */ = {
			isa = PBXResourcesBuildPhase;
			buildActionMask = 2147483647;
			files = (
			);
			runOnlyForDeploymentPostprocessing = 0;
		};
/* End PBXResourcesBuildPhase section */

/* Begin PBXSourcesBuildPhase section */
		668957D529A4418B000ADA91 /* Sources */ = {
			isa = PBXSourcesBuildPhase;
			buildActionMask = 2147483647;
			files = (
				66E6AEA229A4570B00B094C0 /* WeatherService.swift in Sources */,
				6672382129A5ED5F00531CF5 /* CityListResponse.swift in Sources */,
				6672381129A4C56B00531CF5 /* DetailInfoCollectionViewCell.swift in Sources */,
				667237EB29A4737B00531CF5 /* WeatherInfoType.swift in Sources */,
				6672380929A4B53400531CF5 /* WeekEndTableViewCell.swift in Sources */,
				6672382B29A5F44400531CF5 /* BaseViewController.swift in Sources */,
				6672383229A5FB3E00531CF5 /* SearchViewModel.swift in Sources */,
				667237E929A46FA300531CF5 /* WeatherViewDatas.swift in Sources */,
				66E6AE9F29A450D100B094C0 /* BundelExtension.swift in Sources */,
				6672380F29A4C55900531CF5 /* DetailInfoTableViewCell.swift in Sources */,
				6672382E29A5F97500531CF5 /* SearchListTableViewCell.swift in Sources */,
				6672382729A5F32A00531CF5 /* SearchViewController.swift in Sources */,
				66E6AE9729A44E3D00B094C0 /* APIType.swift in Sources */,
				668957E129A4418C000ADA91 /* MainViewController.swift in Sources */,
				668957DD29A4418C000ADA91 /* AppDelegate.swift in Sources */,
				66E6AEB129A46D2000B094C0 /* MainViewModel.swift in Sources */,
				66E6AEAC29A4692C00B094C0 /* BaseCollectionViewCell.swift in Sources */,
				66E6AE9C29A44FD800B094C0 /* WeatherAPI.swift in Sources */,
				6672380629A4A07F00531CF5 /* HourlyCollectionViewCell.swift in Sources */,
				66E6AEA929A4670600B094C0 /* HeaderView.swift in Sources */,
				66E6AE9929A44E9C00B094C0 /* SessionManager.swift in Sources */,
				667237ED29A4807900531CF5 /* HourTableViewCell.swift in Sources */,
				66E6AEA529A4575A00B094C0 /* WeatherResponse.swift in Sources */,
				66E6AEAE29A469C000B094C0 /* ViewExtension.swift in Sources */,
				6672380D29A4BF0C00531CF5 /* BaseView.swift in Sources */,
				6672381C29A50FC600531CF5 /* LocationManager.swift in Sources */,
				668957DF29A4418C000ADA91 /* SceneDelegate.swift in Sources */,
				6672380B29A4BE8A00531CF5 /* CurrentMapView.swift in Sources */,
				6672381929A4FD9A00531CF5 /* TimeExtension.swift in Sources */,
			);
			runOnlyForDeploymentPostprocessing = 0;
		};
		668957EB29A4418D000ADA91 /* Sources */ = {
			isa = PBXSourcesBuildPhase;
			buildActionMask = 2147483647;
			files = (
				668957F429A4418D000ADA91 /* WeatherCloneAppTests.swift in Sources */,
			);
			runOnlyForDeploymentPostprocessing = 0;
		};
		668957F529A4418E000ADA91 /* Sources */ = {
			isa = PBXSourcesBuildPhase;
			buildActionMask = 2147483647;
			files = (
				668957FE29A4418E000ADA91 /* WeatherCloneAppUITests.swift in Sources */,
				6689580029A4418E000ADA91 /* WeatherCloneAppUITestsLaunchTests.swift in Sources */,
			);
			runOnlyForDeploymentPostprocessing = 0;
		};
/* End PBXSourcesBuildPhase section */

/* Begin PBXTargetDependency section */
		668957F129A4418D000ADA91 /* PBXTargetDependency */ = {
			isa = PBXTargetDependency;
			target = 668957D829A4418B000ADA91 /* WeatherCloneApp */;
			targetProxy = 668957F029A4418D000ADA91 /* PBXContainerItemProxy */;
		};
		668957FB29A4418E000ADA91 /* PBXTargetDependency */ = {
			isa = PBXTargetDependency;
			target = 668957D829A4418B000ADA91 /* WeatherCloneApp */;
			targetProxy = 668957FA29A4418E000ADA91 /* PBXContainerItemProxy */;
		};
/* End PBXTargetDependency section */

/* Begin PBXVariantGroup section */
		667237E429A46F0600531CF5 /* Main.storyboard */ = {
			isa = PBXVariantGroup;
			children = (
				667237E529A46F0600531CF5 /* Base */,
			);
			name = Main.storyboard;
			sourceTree = "<group>";
		};
		668957E729A4418D000ADA91 /* LaunchScreen.storyboard */ = {
			isa = PBXVariantGroup;
			children = (
				668957E829A4418D000ADA91 /* Base */,
			);
			name = LaunchScreen.storyboard;
			sourceTree = "<group>";
		};
/* End PBXVariantGroup section */

/* Begin XCBuildConfiguration section */
		6689580129A4418E000ADA91 /* Debug */ = {
			isa = XCBuildConfiguration;
			buildSettings = {
				ALWAYS_SEARCH_USER_PATHS = NO;
				CLANG_ANALYZER_NONNULL = YES;
				CLANG_ANALYZER_NUMBER_OBJECT_CONVERSION = YES_AGGRESSIVE;
				CLANG_CXX_LANGUAGE_STANDARD = "gnu++20";
				CLANG_ENABLE_MODULES = YES;
				CLANG_ENABLE_OBJC_ARC = YES;
				CLANG_ENABLE_OBJC_WEAK = YES;
				CLANG_WARN_BLOCK_CAPTURE_AUTORELEASING = YES;
				CLANG_WARN_BOOL_CONVERSION = YES;
				CLANG_WARN_COMMA = YES;
				CLANG_WARN_CONSTANT_CONVERSION = YES;
				CLANG_WARN_DEPRECATED_OBJC_IMPLEMENTATIONS = YES;
				CLANG_WARN_DIRECT_OBJC_ISA_USAGE = YES_ERROR;
				CLANG_WARN_DOCUMENTATION_COMMENTS = YES;
				CLANG_WARN_EMPTY_BODY = YES;
				CLANG_WARN_ENUM_CONVERSION = YES;
				CLANG_WARN_INFINITE_RECURSION = YES;
				CLANG_WARN_INT_CONVERSION = YES;
				CLANG_WARN_NON_LITERAL_NULL_CONVERSION = YES;
				CLANG_WARN_OBJC_IMPLICIT_RETAIN_SELF = YES;
				CLANG_WARN_OBJC_LITERAL_CONVERSION = YES;
				CLANG_WARN_OBJC_ROOT_CLASS = YES_ERROR;
				CLANG_WARN_QUOTED_INCLUDE_IN_FRAMEWORK_HEADER = YES;
				CLANG_WARN_RANGE_LOOP_ANALYSIS = YES;
				CLANG_WARN_STRICT_PROTOTYPES = YES;
				CLANG_WARN_SUSPICIOUS_MOVE = YES;
				CLANG_WARN_UNGUARDED_AVAILABILITY = YES_AGGRESSIVE;
				CLANG_WARN_UNREACHABLE_CODE = YES;
				CLANG_WARN__DUPLICATE_METHOD_MATCH = YES;
				COPY_PHASE_STRIP = NO;
				DEBUG_INFORMATION_FORMAT = dwarf;
				ENABLE_STRICT_OBJC_MSGSEND = YES;
				ENABLE_TESTABILITY = YES;
				GCC_C_LANGUAGE_STANDARD = gnu11;
				GCC_DYNAMIC_NO_PIC = NO;
				GCC_NO_COMMON_BLOCKS = YES;
				GCC_OPTIMIZATION_LEVEL = 0;
				GCC_PREPROCESSOR_DEFINITIONS = (
					"DEBUG=1",
					"$(inherited)",
				);
				GCC_WARN_64_TO_32_BIT_CONVERSION = YES;
				GCC_WARN_ABOUT_RETURN_TYPE = YES_ERROR;
				GCC_WARN_UNDECLARED_SELECTOR = YES;
				GCC_WARN_UNINITIALIZED_AUTOS = YES_AGGRESSIVE;
				GCC_WARN_UNUSED_FUNCTION = YES;
				GCC_WARN_UNUSED_VARIABLE = YES;
				IPHONEOS_DEPLOYMENT_TARGET = 16.2;
				MTL_ENABLE_DEBUG_INFO = INCLUDE_SOURCE;
				MTL_FAST_MATH = YES;
				ONLY_ACTIVE_ARCH = YES;
				SDKROOT = iphoneos;
				SWIFT_ACTIVE_COMPILATION_CONDITIONS = DEBUG;
				SWIFT_OPTIMIZATION_LEVEL = "-Onone";
			};
			name = Debug;
		};
		6689580229A4418E000ADA91 /* Release */ = {
			isa = XCBuildConfiguration;
			buildSettings = {
				ALWAYS_SEARCH_USER_PATHS = NO;
				CLANG_ANALYZER_NONNULL = YES;
				CLANG_ANALYZER_NUMBER_OBJECT_CONVERSION = YES_AGGRESSIVE;
				CLANG_CXX_LANGUAGE_STANDARD = "gnu++20";
				CLANG_ENABLE_MODULES = YES;
				CLANG_ENABLE_OBJC_ARC = YES;
				CLANG_ENABLE_OBJC_WEAK = YES;
				CLANG_WARN_BLOCK_CAPTURE_AUTORELEASING = YES;
				CLANG_WARN_BOOL_CONVERSION = YES;
				CLANG_WARN_COMMA = YES;
				CLANG_WARN_CONSTANT_CONVERSION = YES;
				CLANG_WARN_DEPRECATED_OBJC_IMPLEMENTATIONS = YES;
				CLANG_WARN_DIRECT_OBJC_ISA_USAGE = YES_ERROR;
				CLANG_WARN_DOCUMENTATION_COMMENTS = YES;
				CLANG_WARN_EMPTY_BODY = YES;
				CLANG_WARN_ENUM_CONVERSION = YES;
				CLANG_WARN_INFINITE_RECURSION = YES;
				CLANG_WARN_INT_CONVERSION = YES;
				CLANG_WARN_NON_LITERAL_NULL_CONVERSION = YES;
				CLANG_WARN_OBJC_IMPLICIT_RETAIN_SELF = YES;
				CLANG_WARN_OBJC_LITERAL_CONVERSION = YES;
				CLANG_WARN_OBJC_ROOT_CLASS = YES_ERROR;
				CLANG_WARN_QUOTED_INCLUDE_IN_FRAMEWORK_HEADER = YES;
				CLANG_WARN_RANGE_LOOP_ANALYSIS = YES;
				CLANG_WARN_STRICT_PROTOTYPES = YES;
				CLANG_WARN_SUSPICIOUS_MOVE = YES;
				CLANG_WARN_UNGUARDED_AVAILABILITY = YES_AGGRESSIVE;
				CLANG_WARN_UNREACHABLE_CODE = YES;
				CLANG_WARN__DUPLICATE_METHOD_MATCH = YES;
				COPY_PHASE_STRIP = NO;
				DEBUG_INFORMATION_FORMAT = "dwarf-with-dsym";
				ENABLE_NS_ASSERTIONS = NO;
				ENABLE_STRICT_OBJC_MSGSEND = YES;
				GCC_C_LANGUAGE_STANDARD = gnu11;
				GCC_NO_COMMON_BLOCKS = YES;
				GCC_WARN_64_TO_32_BIT_CONVERSION = YES;
				GCC_WARN_ABOUT_RETURN_TYPE = YES_ERROR;
				GCC_WARN_UNDECLARED_SELECTOR = YES;
				GCC_WARN_UNINITIALIZED_AUTOS = YES_AGGRESSIVE;
				GCC_WARN_UNUSED_FUNCTION = YES;
				GCC_WARN_UNUSED_VARIABLE = YES;
				IPHONEOS_DEPLOYMENT_TARGET = 16.2;
				MTL_ENABLE_DEBUG_INFO = NO;
				MTL_FAST_MATH = YES;
				SDKROOT = iphoneos;
				SWIFT_COMPILATION_MODE = wholemodule;
				SWIFT_OPTIMIZATION_LEVEL = "-O";
				VALIDATE_PRODUCT = YES;
			};
			name = Release;
		};
		6689580429A4418E000ADA91 /* Debug */ = {
			isa = XCBuildConfiguration;
			buildSettings = {
				ASSETCATALOG_COMPILER_APPICON_NAME = AppIcon;
				ASSETCATALOG_COMPILER_GLOBAL_ACCENT_COLOR_NAME = AccentColor;
				CODE_SIGN_STYLE = Automatic;
				CURRENT_PROJECT_VERSION = 1;
				DEVELOPMENT_TEAM = Q934YS22W7;
				GENERATE_INFOPLIST_FILE = YES;
				INFOPLIST_FILE = WeatherCloneApp/Info.plist;
				INFOPLIST_KEY_UIApplicationSupportsIndirectInputEvents = YES;
				INFOPLIST_KEY_UILaunchStoryboardName = LaunchScreen;
				INFOPLIST_KEY_UIMainStoryboardFile = Main;
				INFOPLIST_KEY_UISupportedInterfaceOrientations_iPad = "UIInterfaceOrientationPortrait UIInterfaceOrientationPortraitUpsideDown UIInterfaceOrientationLandscapeLeft UIInterfaceOrientationLandscapeRight";
				INFOPLIST_KEY_UISupportedInterfaceOrientations_iPhone = "UIInterfaceOrientationPortrait UIInterfaceOrientationLandscapeLeft UIInterfaceOrientationLandscapeRight";
				IPHONEOS_DEPLOYMENT_TARGET = 16.1;
				LD_RUNPATH_SEARCH_PATHS = (
					"$(inherited)",
					"@executable_path/Frameworks",
				);
				MARKETING_VERSION = 1.0;
				PRODUCT_BUNDLE_IDENTIFIER = injun.WeatherCloneApp;
				PRODUCT_NAME = "$(TARGET_NAME)";
				SWIFT_EMIT_LOC_STRINGS = YES;
				SWIFT_VERSION = 5.0;
				TARGETED_DEVICE_FAMILY = "1,2";
			};
			name = Debug;
		};
		6689580529A4418E000ADA91 /* Release */ = {
			isa = XCBuildConfiguration;
			buildSettings = {
				ASSETCATALOG_COMPILER_APPICON_NAME = AppIcon;
				ASSETCATALOG_COMPILER_GLOBAL_ACCENT_COLOR_NAME = AccentColor;
				CODE_SIGN_STYLE = Automatic;
				CURRENT_PROJECT_VERSION = 1;
				DEVELOPMENT_TEAM = Q934YS22W7;
				GENERATE_INFOPLIST_FILE = YES;
				INFOPLIST_FILE = WeatherCloneApp/Info.plist;
				INFOPLIST_KEY_UIApplicationSupportsIndirectInputEvents = YES;
				INFOPLIST_KEY_UILaunchStoryboardName = LaunchScreen;
				INFOPLIST_KEY_UIMainStoryboardFile = Main;
				INFOPLIST_KEY_UISupportedInterfaceOrientations_iPad = "UIInterfaceOrientationPortrait UIInterfaceOrientationPortraitUpsideDown UIInterfaceOrientationLandscapeLeft UIInterfaceOrientationLandscapeRight";
				INFOPLIST_KEY_UISupportedInterfaceOrientations_iPhone = "UIInterfaceOrientationPortrait UIInterfaceOrientationLandscapeLeft UIInterfaceOrientationLandscapeRight";
				IPHONEOS_DEPLOYMENT_TARGET = 16.1;
				LD_RUNPATH_SEARCH_PATHS = (
					"$(inherited)",
					"@executable_path/Frameworks",
				);
				MARKETING_VERSION = 1.0;
				PRODUCT_BUNDLE_IDENTIFIER = injun.WeatherCloneApp;
				PRODUCT_NAME = "$(TARGET_NAME)";
				SWIFT_EMIT_LOC_STRINGS = YES;
				SWIFT_VERSION = 5.0;
				TARGETED_DEVICE_FAMILY = "1,2";
			};
			name = Release;
		};
		6689580729A4418E000ADA91 /* Debug */ = {
			isa = XCBuildConfiguration;
			buildSettings = {
				ALWAYS_EMBED_SWIFT_STANDARD_LIBRARIES = YES;
				BUNDLE_LOADER = "$(TEST_HOST)";
				CODE_SIGN_STYLE = Automatic;
				CURRENT_PROJECT_VERSION = 1;
				DEVELOPMENT_TEAM = Q934YS22W7;
				GENERATE_INFOPLIST_FILE = YES;
				IPHONEOS_DEPLOYMENT_TARGET = 16.2;
				MARKETING_VERSION = 1.0;
				PRODUCT_BUNDLE_IDENTIFIER = injun.WeatherCloneAppTests;
				PRODUCT_NAME = "$(TARGET_NAME)";
				SWIFT_EMIT_LOC_STRINGS = NO;
				SWIFT_VERSION = 5.0;
				TARGETED_DEVICE_FAMILY = "1,2";
				TEST_HOST = "$(BUILT_PRODUCTS_DIR)/WeatherCloneApp.app/$(BUNDLE_EXECUTABLE_FOLDER_PATH)/WeatherCloneApp";
			};
			name = Debug;
		};
		6689580829A4418E000ADA91 /* Release */ = {
			isa = XCBuildConfiguration;
			buildSettings = {
				ALWAYS_EMBED_SWIFT_STANDARD_LIBRARIES = YES;
				BUNDLE_LOADER = "$(TEST_HOST)";
				CODE_SIGN_STYLE = Automatic;
				CURRENT_PROJECT_VERSION = 1;
				DEVELOPMENT_TEAM = Q934YS22W7;
				GENERATE_INFOPLIST_FILE = YES;
				IPHONEOS_DEPLOYMENT_TARGET = 16.2;
				MARKETING_VERSION = 1.0;
				PRODUCT_BUNDLE_IDENTIFIER = injun.WeatherCloneAppTests;
				PRODUCT_NAME = "$(TARGET_NAME)";
				SWIFT_EMIT_LOC_STRINGS = NO;
				SWIFT_VERSION = 5.0;
				TARGETED_DEVICE_FAMILY = "1,2";
				TEST_HOST = "$(BUILT_PRODUCTS_DIR)/WeatherCloneApp.app/$(BUNDLE_EXECUTABLE_FOLDER_PATH)/WeatherCloneApp";
			};
			name = Release;
		};
		6689580A29A4418E000ADA91 /* Debug */ = {
			isa = XCBuildConfiguration;
			buildSettings = {
				ALWAYS_EMBED_SWIFT_STANDARD_LIBRARIES = YES;
				CODE_SIGN_STYLE = Automatic;
				CURRENT_PROJECT_VERSION = 1;
				DEVELOPMENT_TEAM = Q934YS22W7;
				GENERATE_INFOPLIST_FILE = YES;
				MARKETING_VERSION = 1.0;
				PRODUCT_BUNDLE_IDENTIFIER = injun.WeatherCloneAppUITests;
				PRODUCT_NAME = "$(TARGET_NAME)";
				SWIFT_EMIT_LOC_STRINGS = NO;
				SWIFT_VERSION = 5.0;
				TARGETED_DEVICE_FAMILY = "1,2";
				TEST_TARGET_NAME = WeatherCloneApp;
			};
			name = Debug;
		};
		6689580B29A4418E000ADA91 /* Release */ = {
			isa = XCBuildConfiguration;
			buildSettings = {
				ALWAYS_EMBED_SWIFT_STANDARD_LIBRARIES = YES;
				CODE_SIGN_STYLE = Automatic;
				CURRENT_PROJECT_VERSION = 1;
				DEVELOPMENT_TEAM = Q934YS22W7;
				GENERATE_INFOPLIST_FILE = YES;
				MARKETING_VERSION = 1.0;
				PRODUCT_BUNDLE_IDENTIFIER = injun.WeatherCloneAppUITests;
				PRODUCT_NAME = "$(TARGET_NAME)";
				SWIFT_EMIT_LOC_STRINGS = NO;
				SWIFT_VERSION = 5.0;
				TARGETED_DEVICE_FAMILY = "1,2";
				TEST_TARGET_NAME = WeatherCloneApp;
			};
			name = Release;
		};
/* End XCBuildConfiguration section */

/* Begin XCConfigurationList section */
		668957D429A4418B000ADA91 /* Build configuration list for PBXProject "WeatherCloneApp" */ = {
			isa = XCConfigurationList;
			buildConfigurations = (
				6689580129A4418E000ADA91 /* Debug */,
				6689580229A4418E000ADA91 /* Release */,
			);
			defaultConfigurationIsVisible = 0;
			defaultConfigurationName = Release;
		};
		6689580329A4418E000ADA91 /* Build configuration list for PBXNativeTarget "WeatherCloneApp" */ = {
			isa = XCConfigurationList;
			buildConfigurations = (
				6689580429A4418E000ADA91 /* Debug */,
				6689580529A4418E000ADA91 /* Release */,
			);
			defaultConfigurationIsVisible = 0;
			defaultConfigurationName = Release;
		};
		6689580629A4418E000ADA91 /* Build configuration list for PBXNativeTarget "WeatherCloneAppTests" */ = {
			isa = XCConfigurationList;
			buildConfigurations = (
				6689580729A4418E000ADA91 /* Debug */,
				6689580829A4418E000ADA91 /* Release */,
			);
			defaultConfigurationIsVisible = 0;
			defaultConfigurationName = Release;
		};
		6689580929A4418E000ADA91 /* Build configuration list for PBXNativeTarget "WeatherCloneAppUITests" */ = {
			isa = XCConfigurationList;
			buildConfigurations = (
				6689580A29A4418E000ADA91 /* Debug */,
				6689580B29A4418E000ADA91 /* Release */,
			);
			defaultConfigurationIsVisible = 0;
			defaultConfigurationName = Release;
		};
/* End XCConfigurationList section */

/* Begin XCRemoteSwiftPackageReference section */
		6672383329A657B400531CF5 /* XCRemoteSwiftPackageReference "RxDataSources" */ = {
			isa = XCRemoteSwiftPackageReference;
			repositoryURL = "https://github.com/RxSwiftCommunity/RxDataSources";
			requirement = {
				kind = upToNextMajorVersion;
				minimumVersion = 5.0.2;
			};
		};
		66C7656F29A442A700EED540 /* XCRemoteSwiftPackageReference "SnapKit" */ = {
			isa = XCRemoteSwiftPackageReference;
			repositoryURL = "https://github.com/SnapKit/SnapKit";
			requirement = {
				kind = upToNextMajorVersion;
				minimumVersion = 5.6.0;
			};
		};
		66C7657229A442C100EED540 /* XCRemoteSwiftPackageReference "RxSwift" */ = {
			isa = XCRemoteSwiftPackageReference;
			repositoryURL = "https://github.com/ReactiveX/RxSwift";
			requirement = {
				kind = upToNextMajorVersion;
				minimumVersion = 6.5.0;
			};
		};
		66C7657929A4430000EED540 /* XCRemoteSwiftPackageReference "Alamofire" */ = {
			isa = XCRemoteSwiftPackageReference;
			repositoryURL = "https://github.com/Alamofire/Alamofire";
			requirement = {
				kind = upToNextMajorVersion;
				minimumVersion = 5.6.4;
			};
		};
/* End XCRemoteSwiftPackageReference section */

/* Begin XCSwiftPackageProductDependency section */
		6672383429A657B400531CF5 /* RxDataSources */ = {
			isa = XCSwiftPackageProductDependency;
			package = 6672383329A657B400531CF5 /* XCRemoteSwiftPackageReference "RxDataSources" */;
			productName = RxDataSources;
		};
		66C7657029A442A700EED540 /* SnapKit */ = {
			isa = XCSwiftPackageProductDependency;
			package = 66C7656F29A442A700EED540 /* XCRemoteSwiftPackageReference "SnapKit" */;
			productName = SnapKit;
		};
		66C7657329A442C100EED540 /* RxCocoa */ = {
			isa = XCSwiftPackageProductDependency;
			package = 66C7657229A442C100EED540 /* XCRemoteSwiftPackageReference "RxSwift" */;
			productName = RxCocoa;
		};
		66C7657529A442C100EED540 /* RxRelay */ = {
			isa = XCSwiftPackageProductDependency;
			package = 66C7657229A442C100EED540 /* XCRemoteSwiftPackageReference "RxSwift" */;
			productName = RxRelay;
		};
		66C7657729A442C100EED540 /* RxSwift */ = {
			isa = XCSwiftPackageProductDependency;
			package = 66C7657229A442C100EED540 /* XCRemoteSwiftPackageReference "RxSwift" */;
			productName = RxSwift;
		};
		66C7657A29A4430000EED540 /* Alamofire */ = {
			isa = XCSwiftPackageProductDependency;
			package = 66C7657929A4430000EED540 /* XCRemoteSwiftPackageReference "Alamofire" */;
			productName = Alamofire;
		};
/* End XCSwiftPackageProductDependency section */
	};
	rootObject = 668957D129A4418B000ADA91 /* Project object */;
}
